
Microsoft Visual Studio Solution File, Format Version 12.00
# Visual Studio Version 16
VisualStudioVersion = 16.0.30114.105
MinimumVisualStudioVersion = 10.0.40219.1
Project("{9A19103F-16F7-4668-BE54-9A1E7A4F7556}") = "JWTsystem", "JWTsystem.csproj", "{D1FBBA15-E625-4FB9-88EA-0A597F1464D9}"
EndProject
Project("{FAE04EC0-301F-11D3-BF4B-00C04F79EFBC}") = "WebUI", "WebUI\WebUI.csproj", "{D0E9CC7F-0CF5-4987-943E-883B614F0FD7}"
EndProject
Global
	GlobalSection(SolutionConfigurationPlatforms) = preSolution
		Debug|Any CPU = Debug|Any CPU
		Release|Any CPU = Release|Any CPU
	EndGlobalSection
	GlobalSection(ProjectConfigurationPlatforms) = postSolution
		{D1FBBA15-E625-4FB9-88EA-0A597F1464D9}.Debug|Any CPU.ActiveCfg = Debug|Any CPU
		{D1FBBA15-E625-4FB9-88EA-0A597F1464D9}.Debug|Any CPU.Build.0 = Debug|Any CPU
		{D1FBBA15-E625-4FB9-88EA-0A597F1464D9}.Release|Any CPU.ActiveCfg = Release|Any CPU
		{D1FBBA15-E625-4FB9-88EA-0A597F1464D9}.Release|Any CPU.Build.0 = Release|Any CPU
		{D0E9CC7F-0CF5-4987-943E-883B614F0FD7}.Debug|Any CPU.ActiveCfg = Debug|Any CPU
		{D0E9CC7F-0CF5-4987-943E-883B614F0FD7}.Debug|Any CPU.Build.0 = Debug|Any CPU
		{D0E9CC7F-0CF5-4987-943E-883B614F0FD7}.Release|Any CPU.ActiveCfg = Release|Any CPU
		{D0E9CC7F-0CF5-4987-943E-883B614F0FD7}.Release|Any CPU.Build.0 = Release|Any CPU
	EndGlobalSection
	GlobalSection(SolutionProperties) = preSolution
		HideSolutionNode = FALSE
	EndGlobalSection
	GlobalSection(ExtensibilityGlobals) = postSolution
		SolutionGuid = {56CF9BC1-5919-4D83-BD4F-C6ADC3AD0AB0}
	EndGlobalSection
EndGlobal
